
Microsoft Visual Studio Solution File, Format Version 12.00
# Visual Studio Version 16
VisualStudioVersion = 16.0.29326.143
MinimumVisualStudioVersion = 10.0.40219.1
Project("{FAE04EC0-301F-11D3-BF4B-00C04F79EFBC}") = "AdventureWorks.Android", "Xamarin\AdventureWorks.Android\AdventureWorks.Android.csproj", "{4CF29BD0-88D6-4A6E-A6A9-C0E7294940DA}"
EndProject
Project("{FAE04EC0-301F-11D3-BF4B-00C04F79EFBC}") = "AdventureWorks.iOS", "Xamarin\AdventureWorks.iOS\AdventureWorks.iOS.csproj", "{134EED07-3900-4B71-A2DA-EA0A24CAF8E2}"
EndProject
Project("{9A19103F-16F7-4668-BE54-9A1E7A4F7556}") = "AdventureWorks.XF", "Xamarin\AdventureWorks.XF\AdventureWorks.XF.csproj", "{3F8A9E7B-9322-40DD-AEBD-EDE50A55E179}"
EndProject
Global
	GlobalSection(SolutionConfigurationPlatforms) = preSolution
		Ad-Hoc|Any CPU = Ad-Hoc|Any CPU
		Ad-Hoc|iPhone = Ad-Hoc|iPhone
		Ad-Hoc|iPhoneSimulator = Ad-Hoc|iPhoneSimulator
		AppStore|Any CPU = AppStore|Any CPU
		AppStore|iPhone = AppStore|iPhone
		AppStore|iPhoneSimulator = AppStore|iPhoneSimulator
		Debug|Any CPU = Debug|Any CPU
		Debug|iPhone = Debug|iPhone
		Debug|iPhoneSimulator = Debug|iPhoneSimulator
		Release|Any CPU = Release|Any CPU
		Release|iPhone = Release|iPhone
		Release|iPhoneSimulator = Release|iPhoneSimulator
	EndGlobalSection
	GlobalSection(ProjectConfigurationPlatforms) = postSolution
		{4CF29BD0-88D6-4A6E-A6A9-C0E7294940DA}.Ad-Hoc|Any CPU.ActiveCfg = Release|Any CPU
		{4CF29BD0-88D6-4A6E-A6A9-C0E7294940DA}.Ad-Hoc|Any CPU.Build.0 = Release|Any CPU
		{4CF29BD0-88D6-4A6E-A6A9-C0E7294940DA}.Ad-Hoc|Any CPU.Deploy.0 = Release|Any CPU
		{4CF29BD0-88D6-4A6E-A6A9-C0E7294940DA}.Ad-Hoc|iPhone.ActiveCfg = Release|Any CPU
		{4CF29BD0-88D6-4A6E-A6A9-C0E7294940DA}.Ad-Hoc|iPhone.Build.0 = Release|Any CPU
		{4CF29BD0-88D6-4A6E-A6A9-C0E7294940DA}.Ad-Hoc|iPhone.Deploy.0 = Release|Any CPU
		{4CF29BD0-88D6-4A6E-A6A9-C0E7294940DA}.Ad-Hoc|iPhoneSimulator.ActiveCfg = Release|Any CPU
		{4CF29BD0-88D6-4A6E-A6A9-C0E7294940DA}.Ad-Hoc|iPhoneSimulator.Build.0 = Release|Any CPU
		{4CF29BD0-88D6-4A6E-A6A9-C0E7294940DA}.Ad-Hoc|iPhoneSimulator.Deploy.0 = Release|Any CPU
		{4CF29BD0-88D6-4A6E-A6A9-C0E7294940DA}.AppStore|Any CPU.ActiveCfg = Release|Any CPU
		{4CF29BD0-88D6-4A6E-A6A9-C0E7294940DA}.AppStore|Any CPU.Build.0 = Release|Any CPU
		{4CF29BD0-88D6-4A6E-A6A9-C0E7294940DA}.AppStore|Any CPU.Deploy.0 = Release|Any CPU
		{4CF29BD0-88D6-4A6E-A6A9-C0E7294940DA}.AppStore|iPhone.ActiveCfg = Release|Any CPU
		{4CF29BD0-88D6-4A6E-A6A9-C0E7294940DA}.AppStore|iPhone.Build.0 = Release|Any CPU
		{4CF29BD0-88D6-4A6E-A6A9-C0E7294940DA}.AppStore|iPhone.Deploy.0 = Release|Any CPU
		{4CF29BD0-88D6-4A6E-A6A9-C0E7294940DA}.AppStore|iPhoneSimulator.ActiveCfg = Release|Any CPU
		{4CF29BD0-88D6-4A6E-A6A9-C0E7294940DA}.AppStore|iPhoneSimulator.Build.0 = Release|Any CPU
		{4CF29BD0-88D6-4A6E-A6A9-C0E7294940DA}.AppStore|iPhoneSimulator.Deploy.0 = Release|Any CPU
		{4CF29BD0-88D6-4A6E-A6A9-C0E7294940DA}.Debug|Any CPU.ActiveCfg = Debug|Any CPU
		{4CF29BD0-88D6-4A6E-A6A9-C0E7294940DA}.Debug|Any CPU.Build.0 = Debug|Any CPU
		{4CF29BD0-88D6-4A6E-A6A9-C0E7294940DA}.Debug|Any CPU.Deploy.0 = Debug|Any CPU
		{4CF29BD0-88D6-4A6E-A6A9-C0E7294940DA}.Debug|iPhone.ActiveCfg = Debug|Any CPU
		{4CF29BD0-88D6-4A6E-A6A9-C0E7294940DA}.Debug|iPhone.Build.0 = Debug|Any CPU
		{4CF29BD0-88D6-4A6E-A6A9-C0E7294940DA}.Debug|iPhone.Deploy.0 = Debug|Any CPU
		{4CF29BD0-88D6-4A6E-A6A9-C0E7294940DA}.Debug|iPhoneSimulator.ActiveCfg = Debug|Any CPU
		{4CF29BD0-88D6-4A6E-A6A9-C0E7294940DA}.Debug|iPhoneSimulator.Build.0 = Debug|Any CPU
		{4CF29BD0-88D6-4A6E-A6A9-C0E7294940DA}.Debug|iPhoneSimulator.Deploy.0 = Debug|Any CPU
		{4CF29BD0-88D6-4A6E-A6A9-C0E7294940DA}.Release|Any CPU.ActiveCfg = Release|Any CPU
		{4CF29BD0-88D6-4A6E-A6A9-C0E7294940DA}.Release|Any CPU.Build.0 = Release|Any CPU
		{4CF29BD0-88D6-4A6E-A6A9-C0E7294940DA}.Release|Any CPU.Deploy.0 = Release|Any CPU
		{4CF29BD0-88D6-4A6E-A6A9-C0E7294940DA}.Release|iPhone.ActiveCfg = Release|Any CPU
		{4CF29BD0-88D6-4A6E-A6A9-C0E7294940DA}.Release|iPhone.Build.0 = Release|Any CPU
		{4CF29BD0-88D6-4A6E-A6A9-C0E7294940DA}.Release|iPhone.Deploy.0 = Release|Any CPU
		{4CF29BD0-88D6-4A6E-A6A9-C0E7294940DA}.Release|iPhoneSimulator.ActiveCfg = Release|Any CPU
		{4CF29BD0-88D6-4A6E-A6A9-C0E7294940DA}.Release|iPhoneSimulator.Build.0 = Release|Any CPU
		{4CF29BD0-88D6-4A6E-A6A9-C0E7294940DA}.Release|iPhoneSimulator.Deploy.0 = Release|Any CPU
		{134EED07-3900-4B71-A2DA-EA0A24CAF8E2}.Ad-Hoc|Any CPU.ActiveCfg = Ad-Hoc|iPhone
		{134EED07-3900-4B71-A2DA-EA0A24CAF8E2}.Ad-Hoc|Any CPU.Build.0 = Ad-Hoc|iPhone
		{134EED07-3900-4B71-A2DA-EA0A24CAF8E2}.Ad-Hoc|Any CPU.Deploy.0 = Ad-Hoc|iPhone
		{134EED07-3900-4B71-A2DA-EA0A24CAF8E2}.Ad-Hoc|iPhone.ActiveCfg = Ad-Hoc|iPhone
		{134EED07-3900-4B71-A2DA-EA0A24CAF8E2}.Ad-Hoc|iPhone.Build.0 = Ad-Hoc|iPhone
		{134EED07-3900-4B71-A2DA-EA0A24CAF8E2}.Ad-Hoc|iPhone.Deploy.0 = Ad-Hoc|iPhone
		{134EED07-3900-4B71-A2DA-EA0A24CAF8E2}.Ad-Hoc|iPhoneSimulator.ActiveCfg = Ad-Hoc|iPhoneSimulator
		{134EED07-3900-4B71-A2DA-EA0A24CAF8E2}.Ad-Hoc|iPhoneSimulator.Build.0 = Ad-Hoc|iPhoneSimulator
		{134EED07-3900-4B71-A2DA-EA0A24CAF8E2}.Ad-Hoc|iPhoneSimulator.Deploy.0 = Ad-Hoc|iPhoneSimulator
		{134EED07-3900-4B71-A2DA-EA0A24CAF8E2}.AppStore|Any CPU.ActiveCfg = AppStore|iPhone
		{134EED07-3900-4B71-A2DA-EA0A24CAF8E2}.AppStore|Any CPU.Build.0 = AppStore|iPhone
		{134EED07-3900-4B71-A2DA-EA0A24CAF8E2}.AppStore|Any CPU.Deploy.0 = AppStore|iPhone
		{134EED07-3900-4B71-A2DA-EA0A24CAF8E2}.AppStore|iPhone.ActiveCfg = AppStore|iPhone
		{134EED07-3900-4B71-A2DA-EA0A24CAF8E2}.AppStore|iPhone.Build.0 = AppStore|iPhone
		{134EED07-3900-4B71-A2DA-EA0A24CAF8E2}.AppStore|iPhone.Deploy.0 = AppStore|iPhone
		{134EED07-3900-4B71-A2DA-EA0A24CAF8E2}.AppStore|iPhoneSimulator.ActiveCfg = AppStore|iPhoneSimulator
		{134EED07-3900-4B71-A2DA-EA0A24CAF8E2}.AppStore|iPhoneSimulator.Build.0 = AppStore|iPhoneSimulator
		{134EED07-3900-4B71-A2DA-EA0A24CAF8E2}.AppStore|iPhoneSimulator.Deploy.0 = AppStore|iPhoneSimulator
		{134EED07-3900-4B71-A2DA-EA0A24CAF8E2}.Debug|Any CPU.ActiveCfg = Debug|iPhoneSimulator
		{134EED07-3900-4B71-A2DA-EA0A24CAF8E2}.Debug|Any CPU.Build.0 = Debug|iPhoneSimulator
		{134EED07-3900-4B71-A2DA-EA0A24CAF8E2}.Debug|Any CPU.Deploy.0 = Debug|iPhoneSimulator
		{134EED07-3900-4B71-A2DA-EA0A24CAF8E2}.Debug|iPhone.ActiveCfg = Debug|iPhone
		{134EED07-3900-4B71-A2DA-EA0A24CAF8E2}.Debug|iPhone.Build.0 = Debug|iPhone
		{134EED07-3900-4B71-A2DA-EA0A24CAF8E2}.Debug|iPhone.Deploy.0 = Debug|iPhone
		{134EED07-3900-4B71-A2DA-EA0A24CAF8E2}.Debug|iPhoneSimulator.ActiveCfg = Debug|iPhoneSimulator
		{134EED07-3900-4B71-A2DA-EA0A24CAF8E2}.Debug|iPhoneSimulator.Build.0 = Debug|iPhoneSimulator
		{134EED07-3900-4B71-A2DA-EA0A24CAF8E2}.Debug|iPhoneSimulator.Deploy.0 = Debug|iPhoneSimulator
		{134EED07-3900-4B71-A2DA-EA0A24CAF8E2}.Release|Any CPU.ActiveCfg = Release|iPhone
		{134EED07-3900-4B71-A2DA-EA0A24CAF8E2}.Release|Any CPU.Build.0 = Release|iPhone
		{134EED07-3900-4B71-A2DA-EA0A24CAF8E2}.Release|Any CPU.Deploy.0 = Release|iPhone
		{134EED07-3900-4B71-A2DA-EA0A24CAF8E2}.Release|iPhone.ActiveCfg = Release|iPhone
		{134EED07-3900-4B71-A2DA-EA0A24CAF8E2}.Release|iPhone.Build.0 = Release|iPhone
		{134EED07-3900-4B71-A2DA-EA0A24CAF8E2}.Release|iPhone.Deploy.0 = Release|iPhone
		{134EED07-3900-4B71-A2DA-EA0A24CAF8E2}.Release|iPhoneSimulator.ActiveCfg = Release|iPhoneSimulator
		{134EED07-3900-4B71-A2DA-EA0A24CAF8E2}.Release|iPhoneSimulator.Build.0 = Release|iPhoneSimulator
		{134EED07-3900-4B71-A2DA-EA0A24CAF8E2}.Release|iPhoneSimulator.Deploy.0 = Release|iPhoneSimulator
		{3F8A9E7B-9322-40DD-AEBD-EDE50A55E179}.Ad-Hoc|Any CPU.ActiveCfg = Debug|Any CPU
		{3F8A9E7B-9322-40DD-AEBD-EDE50A55E179}.Ad-Hoc|Any CPU.Build.0 = Debug|Any CPU
		{3F8A9E7B-9322-40DD-AEBD-EDE50A55E179}.Ad-Hoc|Any CPU.Deploy.0 = Debug|Any CPU
		{3F8A9E7B-9322-40DD-AEBD-EDE50A55E179}.Ad-Hoc|iPhone.ActiveCfg = Debug|Any CPU
		{3F8A9E7B-9322-40DD-AEBD-EDE50A55E179}.Ad-Hoc|iPhone.Build.0 = Debug|Any CPU
		{3F8A9E7B-9322-40DD-AEBD-EDE50A55E179}.Ad-Hoc|iPhone.Deploy.0 = Debug|Any CPU
		{3F8A9E7B-9322-40DD-AEBD-EDE50A55E179}.Ad-Hoc|iPhoneSimulator.ActiveCfg = Debug|Any CPU
		{3F8A9E7B-9322-40DD-AEBD-EDE50A55E179}.Ad-Hoc|iPhoneSimulator.Build.0 = Debug|Any CPU
		{3F8A9E7B-9322-40DD-AEBD-EDE50A55E179}.Ad-Hoc|iPhoneSimulator.Deploy.0 = Debug|Any CPU
		{3F8A9E7B-9322-40DD-AEBD-EDE50A55E179}.AppStore|Any CPU.ActiveCfg = Debug|Any CPU
		{3F8A9E7B-9322-40DD-AEBD-EDE50A55E179}.AppStore|Any CPU.Build.0 = Debug|Any CPU
		{3F8A9E7B-9322-40DD-AEBD-EDE50A55E179}.AppStore|Any CPU.Deploy.0 = Debug|Any CPU
		{3F8A9E7B-9322-40DD-AEBD-EDE50A55E179}.AppStore|iPhone.ActiveCfg = Debug|Any CPU
		{3F8A9E7B-9322-40DD-AEBD-EDE50A55E179}.AppStore|iPhone.Build.0 = Debug|Any CPU
		{3F8A9E7B-9322-40DD-AEBD-EDE50A55E179}.AppStore|iPhone.Deploy.0 = Debug|Any CPU
		{3F8A9E7B-9322-40DD-AEBD-EDE50A55E179}.AppStore|iPhoneSimulator.ActiveCfg = Debug|Any CPU
		{3F8A9E7B-9322-40DD-AEBD-EDE50A55E179}.AppStore|iPhoneSimulator.Build.0 = Debug|Any CPU
		{3F8A9E7B-9322-40DD-AEBD-EDE50A55E179}.AppStore|iPhoneSimulator.Deploy.0 = Debug|Any CPU
		{3F8A9E7B-9322-40DD-AEBD-EDE50A55E179}.Debug|Any CPU.ActiveCfg = Debug|Any CPU
		{3F8A9E7B-9322-40DD-AEBD-EDE50A55E179}.Debug|Any CPU.Build.0 = Debug|Any CPU
		{3F8A9E7B-9322-40DD-AEBD-EDE50A55E179}.Debug|Any CPU.Deploy.0 = Debug|Any CPU
		{3F8A9E7B-9322-40DD-AEBD-EDE50A55E179}.Debug|iPhone.ActiveCfg = Debug|Any CPU
		{3F8A9E7B-9322-40DD-AEBD-EDE50A55E179}.Debug|iPhone.Build.0 = Debug|Any CPU
		{3F8A9E7B-9322-40DD-AEBD-EDE50A55E179}.Debug|iPhone.Deploy.0 = Debug|Any CPU
		{3F8A9E7B-9322-40DD-AEBD-EDE50A55E179}.Debug|iPhoneSimulator.ActiveCfg = Debug|Any CPU
		{3F8A9E7B-9322-40DD-AEBD-EDE50A55E179}.Debug|iPhoneSimulator.Build.0 = Debug|Any CPU
		{3F8A9E7B-9322-40DD-AEBD-EDE50A55E179}.Debug|iPhoneSimulator.Deploy.0 = Debug|Any CPU
		{3F8A9E7B-9322-40DD-AEBD-EDE50A55E179}.Release|Any CPU.ActiveCfg = Release|Any CPU
		{3F8A9E7B-9322-40DD-AEBD-EDE50A55E179}.Release|Any CPU.Build.0 = Release|Any CPU
		{3F8A9E7B-9322-40DD-AEBD-EDE50A55E179}.Release|Any CPU.Deploy.0 = Release|Any CPU
		{3F8A9E7B-9322-40DD-AEBD-EDE50A55E179}.Release|iPhone.ActiveCfg = Release|Any CPU
		{3F8A9E7B-9322-40DD-AEBD-EDE50A55E179}.Release|iPhone.Build.0 = Release|Any CPU
		{3F8A9E7B-9322-40DD-AEBD-EDE50A55E179}.Release|iPhone.Deploy.0 = Release|Any CPU
		{3F8A9E7B-9322-40DD-AEBD-EDE50A55E179}.Release|iPhoneSimulator.ActiveCfg = Release|Any CPU
		{3F8A9E7B-9322-40DD-AEBD-EDE50A55E179}.Release|iPhoneSimulator.Build.0 = Release|Any CPU
		{3F8A9E7B-9322-40DD-AEBD-EDE50A55E179}.Release|iPhoneSimulator.Deploy.0 = Release|Any CPU
	EndGlobalSection
	GlobalSection(SolutionProperties) = preSolution
		HideSolutionNode = FALSE
	EndGlobalSection
	GlobalSection(ExtensibilityGlobals) = postSolution
		SolutionGuid = {6313362F-353C-4547-8112-4D09F1A8E5D8}
	EndGlobalSection
EndGlobal
